
Microsoft Visual Studio Solution File, Format Version 12.00
# Visual Studio Version 17
VisualStudioVersion = 17.0.31919.166
MinimumVisualStudioVersion = 10.0.40219.1
Project("{FAE04EC0-301F-11D3-BF4B-00C04F79EFBC}") = "ThreadTest", "ThreadTest\ThreadTest.csproj", "{6310EAF2-A730-437A-AD7A-BEDA8919ECAE}"
EndProject
Global
	GlobalSection(SolutionConfigurationPlatforms) = preSolution
		Debug|Any CPU = Debug|Any CPU
		Release|Any CPU = Release|Any CPU
	EndGlobalSection
	GlobalSection(ProjectConfigurationPlatforms) = postSolution
		{6310EAF2-A730-437A-AD7A-BEDA8919ECAE}.Debug|Any CPU.ActiveCfg = Debug|Any CPU
		{6310EAF2-A730-437A-AD7A-BEDA8919ECAE}.Debug|Any CPU.Build.0 = Debug|Any CPU
		{6310EAF2-A730-437A-AD7A-BEDA8919ECAE}.Release|Any CPU.ActiveCfg = Release|Any CPU
		{6310EAF2-A730-437A-AD7A-BEDA8919ECAE}.Release|Any CPU.Build.0 = Release|Any CPU
	EndGlobalSection
	GlobalSection(SolutionProperties) = preSolution
		HideSolutionNode = FALSE
	EndGlobalSection
	GlobalSection(ExtensibilityGlobals) = postSolution
		SolutionGuid = {63C5189D-F4EF-4628-8159-0B3E3B995294}
	EndGlobalSection
EndGlobal
